// !$*UTF8*$!
{
	archiveVersion = 1;
	classes = {
	};
	objectVersion = 50;
	objects = {

/* Begin PBXBuildFile section */
		3D20882D239E33BC00FFF882 /* AppDelegate.swift in Sources */ = {isa = PBXBuildFile; fileRef = 3D20882C239E33BC00FFF882 /* AppDelegate.swift */; };
		3D20882F239E33BC00FFF882 /* ViewController.swift in Sources */ = {isa = PBXBuildFile; fileRef = 3D20882E239E33BC00FFF882 /* ViewController.swift */; };
		3D208832239E33BC00FFF882 /* Main.storyboard in Resources */ = {isa = PBXBuildFile; fileRef = 3D208830239E33BC00FFF882 /* Main.storyboard */; };
		3D208834239E33C900FFF882 /* Assets.xcassets in Resources */ = {isa = PBXBuildFile; fileRef = 3D208833239E33C900FFF882 /* Assets.xcassets */; };
		3D208837239E33C900FFF882 /* LaunchScreen.storyboard in Resources */ = {isa = PBXBuildFile; fileRef = 3D208835239E33C900FFF882 /* LaunchScreen.storyboard */; };
		3D208843239E3B9F00FFF882 /* NetworkManager.swift in Sources */ = {isa = PBXBuildFile; fileRef = 3D208842239E3B9F00FFF882 /* NetworkManager.swift */; };
		3D208845239E3BCD00FFF882 /* APIHandler.swift in Sources */ = {isa = PBXBuildFile; fileRef = 3D208844239E3BCD00FFF882 /* APIHandler.swift */; };
		3D208847239E474C00FFF882 /* ProductDetails.swift in Sources */ = {isa = PBXBuildFile; fileRef = 3D208846239E474C00FFF882 /* ProductDetails.swift */; };
/* End PBXBuildFile section */

/* Begin PBXFileReference section */
		3D208829239E33BC00FFF882 /* iOS_Assignment.app */ = {isa = PBXFileReference; explicitFileType = wrapper.application; includeInIndex = 0; path = iOS_Assignment.app; sourceTree = BUILT_PRODUCTS_DIR; };
		3D20882C239E33BC00FFF882 /* AppDelegate.swift */ = {isa = PBXFileReference; lastKnownFileType = sourcecode.swift; path = AppDelegate.swift; sourceTree = "<group>"; };
		3D20882E239E33BC00FFF882 /* ViewController.swift */ = {isa = PBXFileReference; lastKnownFileType = sourcecode.swift; path = ViewController.swift; sourceTree = "<group>"; };
		3D208831239E33BC00FFF882 /* Base */ = {isa = PBXFileReference; lastKnownFileType = file.storyboard; name = Base; path = Base.lproj/Main.storyboard; sourceTree = "<group>"; };
		3D208833239E33C900FFF882 /* Assets.xcassets */ = {isa = PBXFileReference; lastKnownFileType = folder.assetcatalog; path = Assets.xcassets; sourceTree = "<group>"; };
		3D208836239E33C900FFF882 /* Base */ = {isa = PBXFileReference; lastKnownFileType = file.storyboard; name = Base; path = Base.lproj/LaunchScreen.storyboard; sourceTree = "<group>"; };
		3D208838239E33C900FFF882 /* Info.plist */ = {isa = PBXFileReference; lastKnownFileType = text.plist.xml; path = Info.plist; sourceTree = "<group>"; };
		3D208842239E3B9F00FFF882 /* NetworkManager.swift */ = {isa = PBXFileReference; lastKnownFileType = sourcecode.swift; path = NetworkManager.swift; sourceTree = "<group>"; };
		3D208844239E3BCD00FFF882 /* APIHandler.swift */ = {isa = PBXFileReference; lastKnownFileType = sourcecode.swift; path = APIHandler.swift; sourceTree = "<group>"; };
		3D208846239E474C00FFF882 /* ProductDetails.swift */ = {isa = PBXFileReference; lastKnownFileType = sourcecode.swift; path = ProductDetails.swift; sourceTree = "<group>"; };
/* End PBXFileReference section */

/* Begin PBXFrameworksBuildPhase section */
		3D208826239E33BC00FFF882 /* Frameworks */ = {
			isa = PBXFrameworksBuildPhase;
			buildActionMask = 2147483647;
			files = (
			);
			runOnlyForDeploymentPostprocessing = 0;
		};
/* End PBXFrameworksBuildPhase section */

/* Begin PBXGroup section */
		3D208820239E33BC00FFF882 = {
			isa = PBXGroup;
			children = (
				3D20882B239E33BC00FFF882 /* iOS_Assignment */,
				3D20882A239E33BC00FFF882 /* Products */,
			);
			sourceTree = "<group>";
		};
		3D20882A239E33BC00FFF882 /* Products */ = {
			isa = PBXGroup;
			children = (
				3D208829239E33BC00FFF882 /* iOS_Assignment.app */,
			);
			name = Products;
			sourceTree = "<group>";
		};
		3D20882B239E33BC00FFF882 /* iOS_Assignment */ = {
			isa = PBXGroup;
			children = (
				3D208841239E3B3B00FFF882 /* NetworkServices */,
				3D208840239E3AB600FFF882 /* Controller */,
				3D20883F239E3AA500FFF882 /* View */,
				3D20883E239E3A8800FFF882 /* Model */,
				3D20882C239E33BC00FFF882 /* AppDelegate.swift */,
				3D208833239E33C900FFF882 /* Assets.xcassets */,
				3D208835239E33C900FFF882 /* LaunchScreen.storyboard */,
				3D208838239E33C900FFF882 /* Info.plist */,
			);
			path = iOS_Assignment;
			sourceTree = "<group>";
		};
		3D20883E239E3A8800FFF882 /* Model */ = {
			isa = PBXGroup;
			children = (
				3D208846239E474C00FFF882 /* ProductDetails.swift */,
			);
			path = Model;
			sourceTree = "<group>";
		};
		3D20883F239E3AA500FFF882 /* View */ = {
			isa = PBXGroup;
			children = (
				3D208830239E33BC00FFF882 /* Main.storyboard */,
			);
			path = View;
			sourceTree = "<group>";
		};
		3D208840239E3AB600FFF882 /* Controller */ = {
			isa = PBXGroup;
			children = (
				3D20882E239E33BC00FFF882 /* ViewController.swift */,
			);
			path = Controller;
			sourceTree = "<group>";
		};
		3D208841239E3B3B00FFF882 /* NetworkServices */ = {
			isa = PBXGroup;
			children = (
				3D208842239E3B9F00FFF882 /* NetworkManager.swift */,
				3D208844239E3BCD00FFF882 /* APIHandler.swift */,
			);
			path = NetworkServices;
			sourceTree = "<group>";
		};
/* End PBXGroup section */

/* Begin PBXNativeTarget section */
		3D208828239E33BC00FFF882 /* iOS_Assignment */ = {
			isa = PBXNativeTarget;
			buildConfigurationList = 3D20883B239E33C900FFF882 /* Build configuration list for PBXNativeTarget "iOS_Assignment" */;
			buildPhases = (
				3D208825239E33BC00FFF882 /* Sources */,
				3D208826239E33BC00FFF882 /* Frameworks */,
				3D208827239E33BC00FFF882 /* Resources */,
			);
			buildRules = (
			);
			dependencies = (
			);
			name = iOS_Assignment;
			productName = iOS_Assignment;
			productReference = 3D208829239E33BC00FFF882 /* iOS_Assignment.app */;
			productType = "com.apple.product-type.application";
		};
/* End PBXNativeTarget section */

/* Begin PBXProject section */
		3D208821239E33BC00FFF882 /* Project object */ = {
			isa = PBXProject;
			attributes = {
				LastSwiftUpdateCheck = 1000;
				LastUpgradeCheck = 1000;
				ORGANIZATIONNAME = "Raghvendra rao";
				TargetAttributes = {
					3D208828239E33BC00FFF882 = {
						CreatedOnToolsVersion = 10.0;
					};
				};
			};
			buildConfigurationList = 3D208824239E33BC00FFF882 /* Build configuration list for PBXProject "iOS_Assignment" */;
			compatibilityVersion = "Xcode 9.3";
			developmentRegion = en;
			hasScannedForEncodings = 0;
			knownRegions = (
				en,
				Base,
			);
			mainGroup = 3D208820239E33BC00FFF882;
			productRefGroup = 3D20882A239E33BC00FFF882 /* Products */;
			projectDirPath = "";
			projectRoot = "";
			targets = (
				3D208828239E33BC00FFF882 /* iOS_Assignment */,
			);
		};
/* End PBXProject section */

/* Begin PBXResourcesBuildPhase section */
		3D208827239E33BC00FFF882 /* Resources */ = {
			isa = PBXResourcesBuildPhase;
			buildActionMask = 2147483647;
			files = (
				3D208837239E33C900FFF882 /* LaunchScreen.storyboard in Resources */,
				3D208834239E33C900FFF882 /* Assets.xcassets in Resources */,
				3D208832239E33BC00FFF882 /* Main.storyboard in Resources */,
			);
			runOnlyForDeploymentPostprocessing = 0;
		};
/* End PBXResourcesBuildPhase section */

/* Begin PBXSourcesBuildPhase section */
		3D208825239E33BC00FFF882 /* Sources */ = {
			isa = PBXSourcesBuildPhase;
			buildActionMask = 2147483647;
			files = (
				3D208843239E3B9F00FFF882 /* NetworkManager.swift in Sources */,
				3D20882F239E33BC00FFF882 /* ViewController.swift in Sources */,
				3D208847239E474C00FFF882 /* ProductDetails.swift in Sources */,
				3D20882D239E33BC00FFF882 /* AppDelegate.swift in Sources */,
				3D208845239E3BCD00FFF882 /* APIHandler.swift in Sources */,
			);
			runOnlyForDeploymentPostprocessing = 0;
		};
/* End PBXSourcesBuildPhase section */

/* Begin PBXVariantGroup section */
		3D208830239E33BC00FFF882 /* Main.storyboard */ = {
			isa = PBXVariantGroup;
			children = (
				3D208831239E33BC00FFF882 /* Base */,
			);
			name = Main.storyboard;
			sourceTree = "<group>";
		};
		3D208835239E33C900FFF882 /* LaunchScreen.storyboard */ = {
			isa = PBXVariantGroup;
			children = (
				3D208836239E33C900FFF882 /* Base */,
			);
			name = LaunchScreen.storyboard;
			sourceTree = "<group>";
		};
/* End PBXVariantGroup section */

/* Begin XCBuildConfiguration section */
		3D208839239E33C900FFF882 /* Debug */ = {
			isa = XCBuildConfiguration;
			buildSettings = {
				ALWAYS_SEARCH_USER_PATHS = NO;
				CLANG_ANALYZER_NONNULL = YES;
				CLANG_ANALYZER_NUMBER_OBJECT_CONVERSION = YES_AGGRESSIVE;
				CLANG_CXX_LANGUAGE_STANDARD = "gnu++14";
				CLANG_CXX_LIBRARY = "libc++";
				CLANG_ENABLE_MODULES = YES;
				CLANG_ENABLE_OBJC_ARC = YES;
				CLANG_ENABLE_OBJC_WEAK = YES;
				CLANG_WARN_BLOCK_CAPTURE_AUTORELEASING = YES;
				CLANG_WARN_BOOL_CONVERSION = YES;
				CLANG_WARN_COMMA = YES;
				CLANG_WARN_CONSTANT_CONVERSION = YES;
				CLANG_WARN_DEPRECATED_OBJC_IMPLEMENTATIONS = YES;
				CLANG_WARN_DIRECT_OBJC_ISA_USAGE = YES_ERROR;
				CLANG_WARN_DOCUMENTATION_COMMENTS = YES;
				CLANG_WARN_EMPTY_BODY = YES;
				CLANG_WARN_ENUM_CONVERSION = YES;
				CLANG_WARN_INFINITE_RECURSION = YES;
				CLANG_WARN_INT_CONVERSION = YES;
				CLANG_WARN_NON_LITERAL_NULL_CONVERSION = YES;
				CLANG_WARN_OBJC_IMPLICIT_RETAIN_SELF = YES;
				CLANG_WARN_OBJC_LITERAL_CONVERSION = YES;
				CLANG_WARN_OBJC_ROOT_CLASS = YES_ERROR;
				CLANG_WARN_RANGE_LOOP_ANALYSIS = YES;
				CLANG_WARN_STRICT_PROTOTYPES = YES;
				CLANG_WARN_SUSPICIOUS_MOVE = YES;
				CLANG_WARN_UNGUARDED_AVAILABILITY = YES_AGGRESSIVE;
				CLANG_WARN_UNREACHABLE_CODE = YES;
				CLANG_WARN__DUPLICATE_METHOD_MATCH = YES;
				CODE_SIGN_IDENTITY = "iPhone Developer";
				COPY_PHASE_STRIP = NO;
				DEBUG_INFORMATION_FORMAT = dwarf;
				ENABLE_STRICT_OBJC_MSGSEND = YES;
				ENABLE_TESTABILITY = YES;
				GCC_C_LANGUAGE_STANDARD = gnu11;
				GCC_DYNAMIC_NO_PIC = NO;
				GCC_NO_COMMON_BLOCKS = YES;
				GCC_OPTIMIZATION_LEVEL = 0;
				GCC_PREPROCESSOR_DEFINITIONS = (
					"DEBUG=1",
					"$(inherited)",
				);
				GCC_WARN_64_TO_32_BIT_CONVERSION = YES;
				GCC_WARN_ABOUT_RETURN_TYPE = YES_ERROR;
				GCC_WARN_UNDECLARED_SELECTOR = YES;
				GCC_WARN_UNINITIALIZED_AUTOS = YES_AGGRESSIVE;
				GCC_WARN_UNUSED_FUNCTION = YES;
				GCC_WARN_UNUSED_VARIABLE = YES;
				IPHONEOS_DEPLOYMENT_TARGET = 12.0;
				MTL_ENABLE_DEBUG_INFO = INCLUDE_SOURCE;
				MTL_FAST_MATH = YES;
				ONLY_ACTIVE_ARCH = YES;
				SDKROOT = iphoneos;
				SWIFT_ACTIVE_COMPILATION_CONDITIONS = DEBUG;
				SWIFT_OPTIMIZATION_LEVEL = "-Onone";
			};
			name = Debug;
		};
		3D20883A239E33C900FFF882 /* Release */ = {
			isa = XCBuildConfiguration;
			buildSettings = {
				ALWAYS_SEARCH_USER_PATHS = NO;
				CLANG_ANALYZER_NONNULL = YES;
				CLANG_ANALYZER_NUMBER_OBJECT_CONVERSION = YES_AGGRESSIVE;
				CLANG_CXX_LANGUAGE_STANDARD = "gnu++14";
				CLANG_CXX_LIBRARY = "libc++";
				CLANG_ENABLE_MODULES = YES;
				CLANG_ENABLE_OBJC_ARC = YES;
				CLANG_ENABLE_OBJC_WEAK = YES;
				CLANG_WARN_BLOCK_CAPTURE_AUTORELEASING = YES;
				CLANG_WARN_BOOL_CONVERSION = YES;
				CLANG_WARN_COMMA = YES;
				CLANG_WARN_CONSTANT_CONVERSION = YES;
				CLANG_WARN_DEPRECATED_OBJC_IMPLEMENTATIONS = YES;
				CLANG_WARN_DIRECT_OBJC_ISA_USAGE = YES_ERROR;
				CLANG_WARN_DOCUMENTATION_COMMENTS = YES;
				CLANG_WARN_EMPTY_BODY = YES;
				CLANG_WARN_ENUM_CONVERSION = YES;
				CLANG_WARN_INFINITE_RECURSION = YES;
				CLANG_WARN_INT_CONVERSION = YES;
				CLANG_WARN_NON_LITERAL_NULL_CONVERSION = YES;
				CLANG_WARN_OBJC_IMPLICIT_RETAIN_SELF = YES;
				CLANG_WARN_OBJC_LITERAL_CONVERSION = YES;
				CLANG_WARN_OBJC_ROOT_CLASS = YES_ERROR;
				CLANG_WARN_RANGE_LOOP_ANALYSIS = YES;
				CLANG_WARN_STRICT_PROTOTYPES = YES;
				CLANG_WARN_SUSPICIOUS_MOVE = YES;
				CLANG_WARN_UNGUARDED_AVAILABILITY = YES_AGGRESSIVE;
				CLANG_WARN_UNREACHABLE_CODE = YES;
				CLANG_WARN__DUPLICATE_METHOD_MATCH = YES;
				CODE_SIGN_IDENTITY = "iPhone Developer";
				COPY_PHASE_STRIP = NO;
				DEBUG_INFORMATION_FORMAT = "dwarf-with-dsym";
				ENABLE_NS_ASSERTIONS = NO;
				ENABLE_STRICT_OBJC_MSGSEND = YES;
				GCC_C_LANGUAGE_STANDARD = gnu11;
				GCC_NO_COMMON_BLOCKS = YES;
				GCC_WARN_64_TO_32_BIT_CONVERSION = YES;
				GCC_WARN_ABOUT_RETURN_TYPE = YES_ERROR;
				GCC_WARN_UNDECLARED_SELECTOR = YES;
				GCC_WARN_UNINITIALIZED_AUTOS = YES_AGGRESSIVE;
				GCC_WARN_UNUSED_FUNCTION = YES;
				GCC_WARN_UNUSED_VARIABLE = YES;
				IPHONEOS_DEPLOYMENT_TARGET = 12.0;
				MTL_ENABLE_DEBUG_INFO = NO;
				MTL_FAST_MATH = YES;
				SDKROOT = iphoneos;
				SWIFT_COMPILATION_MODE = wholemodule;
				SWIFT_OPTIMIZATION_LEVEL = "-O";
				VALIDATE_PRODUCT = YES;
			};
			name = Release;
		};
		3D20883C239E33C900FFF882 /* Debug */ = {
			isa = XCBuildConfiguration;
			buildSettings = {
				ASSETCATALOG_COMPILER_APPICON_NAME = AppIcon;
				CODE_SIGN_IDENTITY = "iPhone Developer";
				CODE_SIGN_STYLE = Automatic;
				DEVELOPMENT_TEAM = 4A8U7WX9Q8;
				INFOPLIST_FILE = iOS_Assignment/Info.plist;
				LD_RUNPATH_SEARCH_PATHS = (
					"$(inherited)",
					"@executable_path/Frameworks",
				);
				PRODUCT_BUNDLE_IDENTIFIER = "com.tejas.iOS-Assignment";
				PRODUCT_NAME = "$(TARGET_NAME)";
				PROVISIONING_PROFILE_SPECIFIER = "";
				SWIFT_VERSION = 4.2;
				TARGETED_DEVICE_FAMILY = "1,2";
			};
			name = Debug;
		};
		3D20883D239E33C900FFF882 /* Release */ = {
			isa = XCBuildConfiguration;
			buildSettings = {
				ASSETCATALOG_COMPILER_APPICON_NAME = AppIcon;
				CODE_SIGN_IDENTITY = "iPhone Developer";
				CODE_SIGN_STYLE = Automatic;
				DEVELOPMENT_TEAM = 4A8U7WX9Q8;
				INFOPLIST_FILE = iOS_Assignment/Info.plist;
				LD_RUNPATH_SEARCH_PATHS = (
					"$(inherited)",
					"@executable_path/Frameworks",
				);
				PRODUCT_BUNDLE_IDENTIFIER = "com.tejas.iOS-Assignment";
				PRODUCT_NAME = "$(TARGET_NAME)";
				PROVISIONING_PROFILE_SPECIFIER = "";
				SWIFT_VERSION = 4.2;
				TARGETED_DEVICE_FAMILY = "1,2";
			};
			name = Release;
		};
/* End XCBuildConfiguration section */

/* Begin XCConfigurationList section */
		3D208824239E33BC00FFF882 /* Build configuration list for PBXProject "iOS_Assignment" */ = {
			isa = XCConfigurationList;
			buildConfigurations = (
				3D208839239E33C900FFF882 /* Debug */,
				3D20883A239E33C900FFF882 /* Release */,
			);
			defaultConfigurationIsVisible = 0;
			defaultConfigurationName = Release;
		};
		3D20883B239E33C900FFF882 /* Build configuration list for PBXNativeTarget "iOS_Assignment" */ = {
			isa = XCConfigurationList;
			buildConfigurations = (
				3D20883C239E33C900FFF882 /* Debug */,
				3D20883D239E33C900FFF882 /* Release */,
			);
			defaultConfigurationIsVisible = 0;
			defaultConfigurationName = Release;
		};
/* End XCConfigurationList section */
	};
	rootObject = 3D208821239E33BC00FFF882 /* Project object */;
}
